
Microsoft Visual Studio Solution File, Format Version 12.00
# Visual Studio Version 17
VisualStudioVersion = 17.7.34024.191
MinimumVisualStudioVersion = 10.0.40219.1
Project("{9A19103F-16F7-4668-BE54-9A1E7A4F7556}") = "BlazorApp", "BlazorApp\BlazorApp.csproj", "{78CFC2EC-E9E5-48A2-9ADA-AF98F8E39CB5}"
EndProject
Project("{9A19103F-16F7-4668-BE54-9A1E7A4F7556}") = "API", "API\API.csproj", "{1D3E50EA-50B2-4808-A72E-22C0505505F4}"
EndProject
Global
	GlobalSection(SolutionConfigurationPlatforms) = preSolution
		Debug|Any CPU = Debug|Any CPU
		Release|Any CPU = Release|Any CPU
	EndGlobalSection
	GlobalSection(ProjectConfigurationPlatforms) = postSolution
		{78CFC2EC-E9E5-48A2-9ADA-AF98F8E39CB5}.Debug|Any CPU.ActiveCfg = Debug|Any CPU
		{78CFC2EC-E9E5-48A2-9ADA-AF98F8E39CB5}.Debug|Any CPU.Build.0 = Debug|Any CPU
		{78CFC2EC-E9E5-48A2-9ADA-AF98F8E39CB5}.Release|Any CPU.ActiveCfg = Release|Any CPU
		{78CFC2EC-E9E5-48A2-9ADA-AF98F8E39CB5}.Release|Any CPU.Build.0 = Release|Any CPU
		{1D3E50EA-50B2-4808-A72E-22C0505505F4}.Debug|Any CPU.ActiveCfg = Debug|Any CPU
		{1D3E50EA-50B2-4808-A72E-22C0505505F4}.Debug|Any CPU.Build.0 = Debug|Any CPU
		{1D3E50EA-50B2-4808-A72E-22C0505505F4}.Release|Any CPU.ActiveCfg = Release|Any CPU
		{1D3E50EA-50B2-4808-A72E-22C0505505F4}.Release|Any CPU.Build.0 = Release|Any CPU
	EndGlobalSection
	GlobalSection(SolutionProperties) = preSolution
		HideSolutionNode = FALSE
	EndGlobalSection
	GlobalSection(ExtensibilityGlobals) = postSolution
		SolutionGuid = {EF91A535-4CF2-4B5F-9041-CBF059E4EE4D}
	EndGlobalSection
EndGlobal
